// !$*UTF8*$!
{
	archiveVersion = 1;
	classes = {
	};
	objectVersion = 48;
	objects = {

/* Begin PBXBuildFile section */
		B9988CD3200E311800D93C4D /* AppDelegate.swift in Sources */ = {isa = PBXBuildFile; fileRef = B9988CD2200E311800D93C4D /* AppDelegate.swift */; };
		B9988CD5200E311800D93C4D /* ViewController.swift in Sources */ = {isa = PBXBuildFile; fileRef = B9988CD4200E311800D93C4D /* ViewController.swift */; };
		B9988CD8200E311800D93C4D /* Main.storyboard in Resources */ = {isa = PBXBuildFile; fileRef = B9988CD6200E311800D93C4D /* Main.storyboard */; };
		B9988CDA200E311800D93C4D /* Assets.xcassets in Resources */ = {isa = PBXBuildFile; fileRef = B9988CD9200E311800D93C4D /* Assets.xcassets */; };
		B9988CDD200E311800D93C4D /* LaunchScreen.storyboard in Resources */ = {isa = PBXBuildFile; fileRef = B9988CDB200E311800D93C4D /* LaunchScreen.storyboard */; };
		B9988CE5200E312B00D93C4D /* ButtonView.swift in Sources */ = {isa = PBXBuildFile; fileRef = B9988CE4200E312B00D93C4D /* ButtonView.swift */; };
		B9988CE7200E313900D93C4D /* LabelView.swift in Sources */ = {isa = PBXBuildFile; fileRef = B9988CE6200E313900D93C4D /* LabelView.swift */; };
/* End PBXBuildFile section */

/* Begin PBXFileReference section */
		B9988CCF200E311800D93C4D /* sampleDelegate.app */ = {isa = PBXFileReference; explicitFileType = wrapper.application; includeInIndex = 0; path = sampleDelegate.app; sourceTree = BUILT_PRODUCTS_DIR; };
		B9988CD2200E311800D93C4D /* AppDelegate.swift */ = {isa = PBXFileReference; lastKnownFileType = sourcecode.swift; path = AppDelegate.swift; sourceTree = "<group>"; };
		B9988CD4200E311800D93C4D /* ViewController.swift */ = {isa = PBXFileReference; lastKnownFileType = sourcecode.swift; path = ViewController.swift; sourceTree = "<group>"; };
		B9988CD7200E311800D93C4D /* Base */ = {isa = PBXFileReference; lastKnownFileType = file.storyboard; name = Base; path = Base.lproj/Main.storyboard; sourceTree = "<group>"; };
		B9988CD9200E311800D93C4D /* Assets.xcassets */ = {isa = PBXFileReference; lastKnownFileType = folder.assetcatalog; path = Assets.xcassets; sourceTree = "<group>"; };
		B9988CDC200E311800D93C4D /* Base */ = {isa = PBXFileReference; lastKnownFileType = file.storyboard; name = Base; path = Base.lproj/LaunchScreen.storyboard; sourceTree = "<group>"; };
		B9988CDE200E311800D93C4D /* Info.plist */ = {isa = PBXFileReference; lastKnownFileType = text.plist.xml; path = Info.plist; sourceTree = "<group>"; };
		B9988CE4200E312B00D93C4D /* ButtonView.swift */ = {isa = PBXFileReference; lastKnownFileType = sourcecode.swift; path = ButtonView.swift; sourceTree = "<group>"; };
		B9988CE6200E313900D93C4D /* LabelView.swift */ = {isa = PBXFileReference; lastKnownFileType = sourcecode.swift; path = LabelView.swift; sourceTree = "<group>"; };
/* End PBXFileReference section */

/* Begin PBXFrameworksBuildPhase section */
		B9988CCC200E311800D93C4D /* Frameworks */ = {
			isa = PBXFrameworksBuildPhase;
			buildActionMask = 2147483647;
			files = (
			);
			runOnlyForDeploymentPostprocessing = 0;
		};
/* End PBXFrameworksBuildPhase section */

/* Begin PBXGroup section */
		B9988CC6200E311800D93C4D = {
			isa = PBXGroup;
			children = (
				B9988CD1200E311800D93C4D /* sampleDelegate */,
				B9988CD0200E311800D93C4D /* Products */,
			);
			sourceTree = "<group>";
		};
		B9988CD0200E311800D93C4D /* Products */ = {
			isa = PBXGroup;
			children = (
				B9988CCF200E311800D93C4D /* sampleDelegate.app */,
			);
			name = Products;
			sourceTree = "<group>";
		};
		B9988CD1200E311800D93C4D /* sampleDelegate */ = {
			isa = PBXGroup;
			children = (
				B9988CD2200E311800D93C4D /* AppDelegate.swift */,
				B9988CD4200E311800D93C4D /* ViewController.swift */,
				B9988CD6200E311800D93C4D /* Main.storyboard */,
				B9988CD9200E311800D93C4D /* Assets.xcassets */,
				B9988CDB200E311800D93C4D /* LaunchScreen.storyboard */,
				B9988CDE200E311800D93C4D /* Info.plist */,
				B9988CE4200E312B00D93C4D /* ButtonView.swift */,
				B9988CE6200E313900D93C4D /* LabelView.swift */,
			);
			path = sampleDelegate;
			sourceTree = "<group>";
		};
/* End PBXGroup section */

/* Begin PBXNativeTarget section */
		B9988CCE200E311800D93C4D /* sampleDelegate */ = {
			isa = PBXNativeTarget;
			buildConfigurationList = B9988CE1200E311800D93C4D /* Build configuration list for PBXNativeTarget "sampleDelegate" */;
			buildPhases = (
				B9988CCB200E311800D93C4D /* Sources */,
				B9988CCC200E311800D93C4D /* Frameworks */,
				B9988CCD200E311800D93C4D /* Resources */,
			);
			buildRules = (
			);
			dependencies = (
			);
			name = sampleDelegate;
			productName = sampleDelegate;
			productReference = B9988CCF200E311800D93C4D /* sampleDelegate.app */;
			productType = "com.apple.product-type.application";
		};
/* End PBXNativeTarget section */

/* Begin PBXProject section */
		B9988CC7200E311800D93C4D /* Project object */ = {
			isa = PBXProject;
			attributes = {
				LastSwiftUpdateCheck = 0920;
				LastUpgradeCheck = 0920;
				ORGANIZATIONNAME = "Владислав Гнилозуб";
				TargetAttributes = {
					B9988CCE200E311800D93C4D = {
						CreatedOnToolsVersion = 9.2;
						ProvisioningStyle = Automatic;
					};
				};
			};
			buildConfigurationList = B9988CCA200E311800D93C4D /* Build configuration list for PBXProject "sampleDelegate" */;
			compatibilityVersion = "Xcode 8.0";
			developmentRegion = en;
			hasScannedForEncodings = 0;
			knownRegions = (
				en,
				Base,
			);
			mainGroup = B9988CC6200E311800D93C4D;
			productRefGroup = B9988CD0200E311800D93C4D /* Products */;
			projectDirPath = "";
			projectRoot = "";
			targets = (
				B9988CCE200E311800D93C4D /* sampleDelegate */,
			);
		};
/* End PBXProject section */

/* Begin PBXResourcesBuildPhase section */
		B9988CCD200E311800D93C4D /* Resources */ = {
			isa = PBXResourcesBuildPhase;
			buildActionMask = 2147483647;
			files = (
				B9988CDD200E311800D93C4D /* LaunchScreen.storyboard in Resources */,
				B9988CDA200E311800D93C4D /* Assets.xcassets in Resources */,
				B9988CD8200E311800D93C4D /* Main.storyboard in Resources */,
			);
			runOnlyForDeploymentPostprocessing = 0;
		};
/* End PBXResourcesBuildPhase section */

/* Begin PBXSourcesBuildPhase section */
		B9988CCB200E311800D93C4D /* Sources */ = {
			isa = PBXSourcesBuildPhase;
			buildActionMask = 2147483647;
			files = (
				B9988CD5200E311800D93C4D /* ViewController.swift in Sources */,
				B9988CE7200E313900D93C4D /* LabelView.swift in Sources */,
				B9988CD3200E311800D93C4D /* AppDelegate.swift in Sources */,
				B9988CE5200E312B00D93C4D /* ButtonView.swift in Sources */,
			);
			runOnlyForDeploymentPostprocessing = 0;
		};
/* End PBXSourcesBuildPhase section */

/* Begin PBXVariantGroup section */
		B9988CD6200E311800D93C4D /* Main.storyboard */ = {
			isa = PBXVariantGroup;
			children = (
				B9988CD7200E311800D93C4D /* Base */,
			);
			name = Main.storyboard;
			sourceTree = "<group>";
		};
		B9988CDB200E311800D93C4D /* LaunchScreen.storyboard */ = {
			isa = PBXVariantGroup;
			children = (
				B9988CDC200E311800D93C4D /* Base */,
			);
			name = LaunchScreen.storyboard;
			sourceTree = "<group>";
		};
/* End PBXVariantGroup section */

/* Begin XCBuildConfiguration section */
		B9988CDF200E311800D93C4D /* Debug */ = {
			isa = XCBuildConfiguration;
			buildSettings = {
				ALWAYS_SEARCH_USER_PATHS = NO;
				CLANG_ANALYZER_NONNULL = YES;
				CLANG_ANALYZER_NUMBER_OBJECT_CONVERSION = YES_AGGRESSIVE;
				CLANG_CXX_LANGUAGE_STANDARD = "gnu++14";
				CLANG_CXX_LIBRARY = "libc++";
				CLANG_ENABLE_MODULES = YES;
				CLANG_ENABLE_OBJC_ARC = YES;
				CLANG_WARN_BLOCK_CAPTURE_AUTORELEASING = YES;
				CLANG_WARN_BOOL_CONVERSION = YES;
				CLANG_WARN_COMMA = YES;
				CLANG_WARN_CONSTANT_CONVERSION = YES;
				CLANG_WARN_DIRECT_OBJC_ISA_USAGE = YES_ERROR;
				CLANG_WARN_DOCUMENTATION_COMMENTS = YES;
				CLANG_WARN_EMPTY_BODY = YES;
				CLANG_WARN_ENUM_CONVERSION = YES;
				CLANG_WARN_INFINITE_RECURSION = YES;
				CLANG_WARN_INT_CONVERSION = YES;
				CLANG_WARN_NON_LITERAL_NULL_CONVERSION = YES;
				CLANG_WARN_OBJC_LITERAL_CONVERSION = YES;
				CLANG_WARN_OBJC_ROOT_CLASS = YES_ERROR;
				CLANG_WARN_RANGE_LOOP_ANALYSIS = YES;
				CLANG_WARN_STRICT_PROTOTYPES = YES;
				CLANG_WARN_SUSPICIOUS_MOVE = YES;
				CLANG_WARN_UNGUARDED_AVAILABILITY = YES_AGGRESSIVE;
				CLANG_WARN_UNREACHABLE_CODE = YES;
				CLANG_WARN__DUPLICATE_METHOD_MATCH = YES;
				CODE_SIGN_IDENTITY = "iPhone Developer";
				COPY_PHASE_STRIP = NO;
				DEBUG_INFORMATION_FORMAT = dwarf;
				ENABLE_STRICT_OBJC_MSGSEND = YES;
				ENABLE_TESTABILITY = YES;
				GCC_C_LANGUAGE_STANDARD = gnu11;
				GCC_DYNAMIC_NO_PIC = NO;
				GCC_NO_COMMON_BLOCKS = YES;
				GCC_OPTIMIZATION_LEVEL = 0;
				GCC_PREPROCESSOR_DEFINITIONS = (
					"DEBUG=1",
					"$(inherited)",
				);
				GCC_WARN_64_TO_32_BIT_CONVERSION = YES;
				GCC_WARN_ABOUT_RETURN_TYPE = YES_ERROR;
				GCC_WARN_UNDECLARED_SELECTOR = YES;
				GCC_WARN_UNINITIALIZED_AUTOS = YES_AGGRESSIVE;
				GCC_WARN_UNUSED_FUNCTION = YES;
				GCC_WARN_UNUSED_VARIABLE = YES;
				IPHONEOS_DEPLOYMENT_TARGET = 11.2;
				MTL_ENABLE_DEBUG_INFO = YES;
				ONLY_ACTIVE_ARCH = YES;
				SDKROOT = iphoneos;
				SWIFT_ACTIVE_COMPILATION_CONDITIONS = DEBUG;
				SWIFT_OPTIMIZATION_LEVEL = "-Onone";
			};
			name = Debug;
		};
		B9988CE0200E311800D93C4D /* Release */ = {
			isa = XCBuildConfiguration;
			buildSettings = {
				ALWAYS_SEARCH_USER_PATHS = NO;
				CLANG_ANALYZER_NONNULL = YES;
				CLANG_ANALYZER_NUMBER_OBJECT_CONVERSION = YES_AGGRESSIVE;
				CLANG_CXX_LANGUAGE_STANDARD = "gnu++14";
				CLANG_CXX_LIBRARY = "libc++";
				CLANG_ENABLE_MODULES = YES;
				CLANG_ENABLE_OBJC_ARC = YES;
				CLANG_WARN_BLOCK_CAPTURE_AUTORELEASING = YES;
				CLANG_WARN_BOOL_CONVERSION = YES;
				CLANG_WARN_COMMA = YES;
				CLANG_WARN_CONSTANT_CONVERSION = YES;
				CLANG_WARN_DIRECT_OBJC_ISA_USAGE = YES_ERROR;
				CLANG_WARN_DOCUMENTATION_COMMENTS = YES;
				CLANG_WARN_EMPTY_BODY = YES;
				CLANG_WARN_ENUM_CONVERSION = YES;
				CLANG_WARN_INFINITE_RECURSION = YES;
				CLANG_WARN_INT_CONVERSION = YES;
				CLANG_WARN_NON_LITERAL_NULL_CONVERSION = YES;
				CLANG_WARN_OBJC_LITERAL_CONVERSION = YES;
				CLANG_WARN_OBJC_ROOT_CLASS = YES_ERROR;
				CLANG_WARN_RANGE_LOOP_ANALYSIS = YES;
				CLANG_WARN_STRICT_PROTOTYPES = YES;
				CLANG_WARN_SUSPICIOUS_MOVE = YES;
				CLANG_WARN_UNGUARDED_AVAILABILITY = YES_AGGRESSIVE;
				CLANG_WARN_UNREACHABLE_CODE = YES;
				CLANG_WARN__DUPLICATE_METHOD_MATCH = YES;
				CODE_SIGN_IDENTITY = "iPhone Developer";
				COPY_PHASE_STRIP = NO;
				DEBUG_INFORMATION_FORMAT = "dwarf-with-dsym";
				ENABLE_NS_ASSERTIONS = NO;
				ENABLE_STRICT_OBJC_MSGSEND = YES;
				GCC_C_LANGUAGE_STANDARD = gnu11;
				GCC_NO_COMMON_BLOCKS = YES;
				GCC_WARN_64_TO_32_BIT_CONVERSION = YES;
				GCC_WARN_ABOUT_RETURN_TYPE = YES_ERROR;
				GCC_WARN_UNDECLARED_SELECTOR = YES;
				GCC_WARN_UNINITIALIZED_AUTOS = YES_AGGRESSIVE;
				GCC_WARN_UNUSED_FUNCTION = YES;
				GCC_WARN_UNUSED_VARIABLE = YES;
				IPHONEOS_DEPLOYMENT_TARGET = 11.2;
				MTL_ENABLE_DEBUG_INFO = NO;
				SDKROOT = iphoneos;
				SWIFT_OPTIMIZATION_LEVEL = "-Owholemodule";
				VALIDATE_PRODUCT = YES;
			};
			name = Release;
		};
		B9988CE2200E311800D93C4D /* Debug */ = {
			isa = XCBuildConfiguration;
			buildSettings = {
				ASSETCATALOG_COMPILER_APPICON_NAME = AppIcon;
				CODE_SIGN_STYLE = Automatic;
				DEVELOPMENT_TEAM = GY444AU36H;
				INFOPLIST_FILE = sampleDelegate/Info.plist;
				LD_RUNPATH_SEARCH_PATHS = "$(inherited) @executable_path/Frameworks";
				PRODUCT_BUNDLE_IDENTIFIER = io.github.vladGnilozyb.sampleDelegate;
				PRODUCT_NAME = "$(TARGET_NAME)";
				SWIFT_VERSION = 4.0;
				TARGETED_DEVICE_FAMILY = "1,2";
			};
			name = Debug;
		};
		B9988CE3200E311800D93C4D /* Release */ = {
			isa = XCBuildConfiguration;
			buildSettings = {
				ASSETCATALOG_COMPILER_APPICON_NAME = AppIcon;
				CODE_SIGN_STYLE = Automatic;
				DEVELOPMENT_TEAM = GY444AU36H;
				INFOPLIST_FILE = sampleDelegate/Info.plist;
				LD_RUNPATH_SEARCH_PATHS = "$(inherited) @executable_path/Frameworks";
				PRODUCT_BUNDLE_IDENTIFIER = io.github.vladGnilozyb.sampleDelegate;
				PRODUCT_NAME = "$(TARGET_NAME)";
				SWIFT_VERSION = 4.0;
				TARGETED_DEVICE_FAMILY = "1,2";
			};
			name = Release;
		};
/* End XCBuildConfiguration section */

/* Begin XCConfigurationList section */
		B9988CCA200E311800D93C4D /* Build configuration list for PBXProject "sampleDelegate" */ = {
			isa = XCConfigurationList;
			buildConfigurations = (
				B9988CDF200E311800D93C4D /* Debug */,
				B9988CE0200E311800D93C4D /* Release */,
			);
			defaultConfigurationIsVisible = 0;
			defaultConfigurationName = Release;
		};
		B9988CE1200E311800D93C4D /* Build configuration list for PBXNativeTarget "sampleDelegate" */ = {
			isa = XCConfigurationList;
			buildConfigurations = (
				B9988CE2200E311800D93C4D /* Debug */,
				B9988CE3200E311800D93C4D /* Release */,
			);
			defaultConfigurationIsVisible = 0;
			defaultConfigurationName = Release;
		};
/* End XCConfigurationList section */
	};
	rootObject = B9988CC7200E311800D93C4D /* Project object */;
}
